// !$*UTF8*$!
{
	archiveVersion = 1;
	classes = {
	};
	objectVersion = 77;
	objects = {

/* Begin PBXBuildFile section */
		A63F67D92D04AE8600D3E9FB /* FirebaseAnalytics in Frameworks */ = {isa = PBXBuildFile; productRef = A63F67D82D04AE8600D3E9FB /* FirebaseAnalytics */; };
		A63F67DB2D04AE8600D3E9FB /* FirebaseAppCheck in Frameworks */ = {isa = PBXBuildFile; productRef = A63F67DA2D04AE8600D3E9FB /* FirebaseAppCheck */; };
		A63F67DD2D04AE8600D3E9FB /* FirebaseAuth in Frameworks */ = {isa = PBXBuildFile; productRef = A63F67DC2D04AE8600D3E9FB /* FirebaseAuth */; };
		A63F67DF2D04AE8600D3E9FB /* FirebaseCore in Frameworks */ = {isa = PBXBuildFile; productRef = A63F67DE2D04AE8600D3E9FB /* FirebaseCore */; };
		A63F67E12D04AE8600D3E9FB /* FirebaseCrashlytics in Frameworks */ = {isa = PBXBuildFile; productRef = A63F67E02D04AE8600D3E9FB /* FirebaseCrashlytics */; };
		A63F67E32D04AE8600D3E9FB /* FirebaseFirestore in Frameworks */ = {isa = PBXBuildFile; productRef = A63F67E22D04AE8600D3E9FB /* FirebaseFirestore */; };
		A63F67E52D04AE8600D3E9FB /* FirebaseMessaging in Frameworks */ = {isa = PBXBuildFile; productRef = A63F67E42D04AE8600D3E9FB /* FirebaseMessaging */; };
		A63F67E72D04AE8600D3E9FB /* FirebaseRemoteConfig in Frameworks */ = {isa = PBXBuildFile; productRef = A63F67E62D04AE8600D3E9FB /* FirebaseRemoteConfig */; };
		A63F67E92D04AE8600D3E9FB /* FirebaseStorage in Frameworks */ = {isa = PBXBuildFile; productRef = A63F67E82D04AE8600D3E9FB /* FirebaseStorage */; };
/* End PBXBuildFile section */

/* Begin PBXContainerItemProxy section */
		A63F67BB2D04AE3100D3E9FB /* PBXContainerItemProxy */ = {
			isa = PBXContainerItemProxy;
			containerPortal = A63F67A22D04AE3000D3E9FB /* Project object */;
			proxyType = 1;
			remoteGlobalIDString = A63F67A92D04AE3000D3E9FB;
			remoteInfo = FirestoreNetworkingErrorRepro;
		};
		A63F67C52D04AE3100D3E9FB /* PBXContainerItemProxy */ = {
			isa = PBXContainerItemProxy;
			containerPortal = A63F67A22D04AE3000D3E9FB /* Project object */;
			proxyType = 1;
			remoteGlobalIDString = A63F67A92D04AE3000D3E9FB;
			remoteInfo = FirestoreNetworkingErrorRepro;
		};
/* End PBXContainerItemProxy section */

/* Begin PBXFileReference section */
		A63F67AA2D04AE3000D3E9FB /* FirestoreNetworkingErrorRepro.app */ = {isa = PBXFileReference; explicitFileType = wrapper.application; includeInIndex = 0; path = FirestoreNetworkingErrorRepro.app; sourceTree = BUILT_PRODUCTS_DIR; };
		A63F67BA2D04AE3100D3E9FB /* FirestoreNetworkingErrorReproTests.xctest */ = {isa = PBXFileReference; explicitFileType = wrapper.cfbundle; includeInIndex = 0; path = FirestoreNetworkingErrorReproTests.xctest; sourceTree = BUILT_PRODUCTS_DIR; };
		A63F67C42D04AE3100D3E9FB /* FirestoreNetworkingErrorReproUITests.xctest */ = {isa = PBXFileReference; explicitFileType = wrapper.cfbundle; includeInIndex = 0; path = FirestoreNetworkingErrorReproUITests.xctest; sourceTree = BUILT_PRODUCTS_DIR; };
/* End PBXFileReference section */

/* Begin PBXFileSystemSynchronizedRootGroup section */
		A63F67AC2D04AE3000D3E9FB /* FirestoreNetworkingErrorRepro */ = {
			isa = PBXFileSystemSynchronizedRootGroup;
			path = FirestoreNetworkingErrorRepro;
			sourceTree = "<group>";
		};
		A63F67BD2D04AE3100D3E9FB /* FirestoreNetworkingErrorReproTests */ = {
			isa = PBXFileSystemSynchronizedRootGroup;
			path = FirestoreNetworkingErrorReproTests;
			sourceTree = "<group>";
		};
		A63F67C72D04AE3100D3E9FB /* FirestoreNetworkingErrorReproUITests */ = {
			isa = PBXFileSystemSynchronizedRootGroup;
			path = FirestoreNetworkingErrorReproUITests;
			sourceTree = "<group>";
		};
/* End PBXFileSystemSynchronizedRootGroup section */

/* Begin PBXFrameworksBuildPhase section */
		A63F67A72D04AE3000D3E9FB /* Frameworks */ = {
			isa = PBXFrameworksBuildPhase;
			buildActionMask = 2147483647;
			files = (
				A63F67DB2D04AE8600D3E9FB /* FirebaseAppCheck in Frameworks */,
				A63F67DD2D04AE8600D3E9FB /* FirebaseAuth in Frameworks */,
				A63F67E92D04AE8600D3E9FB /* FirebaseStorage in Frameworks */,
				A63F67E52D04AE8600D3E9FB /* FirebaseMessaging in Frameworks */,
				A63F67E12D04AE8600D3E9FB /* FirebaseCrashlytics in Frameworks */,
				A63F67DF2D04AE8600D3E9FB /* FirebaseCore in Frameworks */,
				A63F67D92D04AE8600D3E9FB /* FirebaseAnalytics in Frameworks */,
				A63F67E32D04AE8600D3E9FB /* FirebaseFirestore in Frameworks */,
				A63F67E72D04AE8600D3E9FB /* FirebaseRemoteConfig in Frameworks */,
			);
			runOnlyForDeploymentPostprocessing = 0;
		};
		A63F67B72D04AE3100D3E9FB /* Frameworks */ = {
			isa = PBXFrameworksBuildPhase;
			buildActionMask = 2147483647;
			files = (
			);
			runOnlyForDeploymentPostprocessing = 0;
		};
		A63F67C12D04AE3100D3E9FB /* Frameworks */ = {
			isa = PBXFrameworksBuildPhase;
			buildActionMask = 2147483647;
			files = (
			);
			runOnlyForDeploymentPostprocessing = 0;
		};
/* End PBXFrameworksBuildPhase section */

/* Begin PBXGroup section */
		A63F67A12D04AE3000D3E9FB = {
			isa = PBXGroup;
			children = (
				A63F67AC2D04AE3000D3E9FB /* FirestoreNetworkingErrorRepro */,
				A63F67BD2D04AE3100D3E9FB /* FirestoreNetworkingErrorReproTests */,
				A63F67C72D04AE3100D3E9FB /* FirestoreNetworkingErrorReproUITests */,
				A63F67AB2D04AE3000D3E9FB /* Products */,
			);
			sourceTree = "<group>";
		};
		A63F67AB2D04AE3000D3E9FB /* Products */ = {
			isa = PBXGroup;
			children = (
				A63F67AA2D04AE3000D3E9FB /* FirestoreNetworkingErrorRepro.app */,
				A63F67BA2D04AE3100D3E9FB /* FirestoreNetworkingErrorReproTests.xctest */,
				A63F67C42D04AE3100D3E9FB /* FirestoreNetworkingErrorReproUITests.xctest */,
			);
			name = Products;
			sourceTree = "<group>";
		};
/* End PBXGroup section */

/* Begin PBXNativeTarget section */
		A63F67A92D04AE3000D3E9FB /* FirestoreNetworkingErrorRepro */ = {
			isa = PBXNativeTarget;
			buildConfigurationList = A63F67CE2D04AE3100D3E9FB /* Build configuration list for PBXNativeTarget "FirestoreNetworkingErrorRepro" */;
			buildPhases = (
				A63F67A62D04AE3000D3E9FB /* Sources */,
				A63F67A72D04AE3000D3E9FB /* Frameworks */,
				A63F67A82D04AE3000D3E9FB /* Resources */,
			);
			buildRules = (
			);
			dependencies = (
			);
			fileSystemSynchronizedGroups = (
				A63F67AC2D04AE3000D3E9FB /* FirestoreNetworkingErrorRepro */,
			);
			name = FirestoreNetworkingErrorRepro;
			packageProductDependencies = (
				A63F67D82D04AE8600D3E9FB /* FirebaseAnalytics */,
				A63F67DA2D04AE8600D3E9FB /* FirebaseAppCheck */,
				A63F67DC2D04AE8600D3E9FB /* FirebaseAuth */,
				A63F67DE2D04AE8600D3E9FB /* FirebaseCore */,
				A63F67E02D04AE8600D3E9FB /* FirebaseCrashlytics */,
				A63F67E22D04AE8600D3E9FB /* FirebaseFirestore */,
				A63F67E42D04AE8600D3E9FB /* FirebaseMessaging */,
				A63F67E62D04AE8600D3E9FB /* FirebaseRemoteConfig */,
				A63F67E82D04AE8600D3E9FB /* FirebaseStorage */,
			);
			productName = FirestoreNetworkingErrorRepro;
			productReference = A63F67AA2D04AE3000D3E9FB /* FirestoreNetworkingErrorRepro.app */;
			productType = "com.apple.product-type.application";
		};
		A63F67B92D04AE3100D3E9FB /* FirestoreNetworkingErrorReproTests */ = {
			isa = PBXNativeTarget;
			buildConfigurationList = A63F67D12D04AE3100D3E9FB /* Build configuration list for PBXNativeTarget "FirestoreNetworkingErrorReproTests" */;
			buildPhases = (
				A63F67B62D04AE3100D3E9FB /* Sources */,
				A63F67B72D04AE3100D3E9FB /* Frameworks */,
				A63F67B82D04AE3100D3E9FB /* Resources */,
			);
			buildRules = (
			);
			dependencies = (
				A63F67BC2D04AE3100D3E9FB /* PBXTargetDependency */,
			);
			fileSystemSynchronizedGroups = (
				A63F67BD2D04AE3100D3E9FB /* FirestoreNetworkingErrorReproTests */,
			);
			name = FirestoreNetworkingErrorReproTests;
			packageProductDependencies = (
			);
			productName = FirestoreNetworkingErrorReproTests;
			productReference = A63F67BA2D04AE3100D3E9FB /* FirestoreNetworkingErrorReproTests.xctest */;
			productType = "com.apple.product-type.bundle.unit-test";
		};
		A63F67C32D04AE3100D3E9FB /* FirestoreNetworkingErrorReproUITests */ = {
			isa = PBXNativeTarget;
			buildConfigurationList = A63F67D42D04AE3100D3E9FB /* Build configuration list for PBXNativeTarget "FirestoreNetworkingErrorReproUITests" */;
			buildPhases = (
				A63F67C02D04AE3100D3E9FB /* Sources */,
				A63F67C12D04AE3100D3E9FB /* Frameworks */,
				A63F67C22D04AE3100D3E9FB /* Resources */,
			);
			buildRules = (
			);
			dependencies = (
				A63F67C62D04AE3100D3E9FB /* PBXTargetDependency */,
			);
			fileSystemSynchronizedGroups = (
				A63F67C72D04AE3100D3E9FB /* FirestoreNetworkingErrorReproUITests */,
			);
			name = FirestoreNetworkingErrorReproUITests;
			packageProductDependencies = (
			);
			productName = FirestoreNetworkingErrorReproUITests;
			productReference = A63F67C42D04AE3100D3E9FB /* FirestoreNetworkingErrorReproUITests.xctest */;
			productType = "com.apple.product-type.bundle.ui-testing";
		};
/* End PBXNativeTarget section */

/* Begin PBXProject section */
		A63F67A22D04AE3000D3E9FB /* Project object */ = {
			isa = PBXProject;
			attributes = {
				BuildIndependentTargetsInParallel = 1;
				LastSwiftUpdateCheck = 1600;
				LastUpgradeCheck = 1600;
				TargetAttributes = {
					A63F67A92D04AE3000D3E9FB = {
						CreatedOnToolsVersion = 16.0;
					};
					A63F67B92D04AE3100D3E9FB = {
						CreatedOnToolsVersion = 16.0;
						TestTargetID = A63F67A92D04AE3000D3E9FB;
					};
					A63F67C32D04AE3100D3E9FB = {
						CreatedOnToolsVersion = 16.0;
						TestTargetID = A63F67A92D04AE3000D3E9FB;
					};
				};
			};
			buildConfigurationList = A63F67A52D04AE3000D3E9FB /* Build configuration list for PBXProject "FirestoreNetworkingErrorRepro" */;
			developmentRegion = en;
			hasScannedForEncodings = 0;
			knownRegions = (
				en,
				Base,
			);
			mainGroup = A63F67A12D04AE3000D3E9FB;
			minimizedProjectReferenceProxies = 1;
			packageReferences = (
				A63F67D72D04AE8600D3E9FB /* XCRemoteSwiftPackageReference "firebase-ios-sdk" */,
			);
			preferredProjectObjectVersion = 77;
			productRefGroup = A63F67AB2D04AE3000D3E9FB /* Products */;
			projectDirPath = "";
			projectRoot = "";
			targets = (
				A63F67A92D04AE3000D3E9FB /* FirestoreNetworkingErrorRepro */,
				A63F67B92D04AE3100D3E9FB /* FirestoreNetworkingErrorReproTests */,
				A63F67C32D04AE3100D3E9FB /* FirestoreNetworkingErrorReproUITests */,
			);
		};
/* End PBXProject section */

/* Begin PBXResourcesBuildPhase section */
		A63F67A82D04AE3000D3E9FB /* Resources */ = {
			isa = PBXResourcesBuildPhase;
			buildActionMask = 2147483647;
			files = (
			);
			runOnlyForDeploymentPostprocessing = 0;
		};
		A63F67B82D04AE3100D3E9FB /* Resources */ = {
			isa = PBXResourcesBuildPhase;
			buildActionMask = 2147483647;
			files = (
			);
			runOnlyForDeploymentPostprocessing = 0;
		};
		A63F67C22D04AE3100D3E9FB /* Resources */ = {
			isa = PBXResourcesBuildPhase;
			buildActionMask = 2147483647;
			files = (
			);
			runOnlyForDeploymentPostprocessing = 0;
		};
/* End PBXResourcesBuildPhase section */

/* Begin PBXSourcesBuildPhase section */
		A63F67A62D04AE3000D3E9FB /* Sources */ = {
			isa = PBXSourcesBuildPhase;
			buildActionMask = 2147483647;
			files = (
			);
			runOnlyForDeploymentPostprocessing = 0;
		};
		A63F67B62D04AE3100D3E9FB /* Sources */ = {
			isa = PBXSourcesBuildPhase;
			buildActionMask = 2147483647;
			files = (
			);
			runOnlyForDeploymentPostprocessing = 0;
		};
		A63F67C02D04AE3100D3E9FB /* Sources */ = {
			isa = PBXSourcesBuildPhase;
			buildActionMask = 2147483647;
			files = (
			);
			runOnlyForDeploymentPostprocessing = 0;
		};
/* End PBXSourcesBuildPhase section */

/* Begin PBXTargetDependency section */
		A63F67BC2D04AE3100D3E9FB /* PBXTargetDependency */ = {
			isa = PBXTargetDependency;
			target = A63F67A92D04AE3000D3E9FB /* FirestoreNetworkingErrorRepro */;
			targetProxy = A63F67BB2D04AE3100D3E9FB /* PBXContainerItemProxy */;
		};
		A63F67C62D04AE3100D3E9FB /* PBXTargetDependency */ = {
			isa = PBXTargetDependency;
			target = A63F67A92D04AE3000D3E9FB /* FirestoreNetworkingErrorRepro */;
			targetProxy = A63F67C52D04AE3100D3E9FB /* PBXContainerItemProxy */;
		};
/* End PBXTargetDependency section */

/* Begin XCBuildConfiguration section */
		A63F67CC2D04AE3100D3E9FB /* Debug */ = {
			isa = XCBuildConfiguration;
			buildSettings = {
				ALWAYS_SEARCH_USER_PATHS = NO;
				ASSETCATALOG_COMPILER_GENERATE_SWIFT_ASSET_SYMBOL_EXTENSIONS = YES;
				CLANG_ANALYZER_NONNULL = YES;
				CLANG_ANALYZER_NUMBER_OBJECT_CONVERSION = YES_AGGRESSIVE;
				CLANG_CXX_LANGUAGE_STANDARD = "gnu++20";
				CLANG_ENABLE_MODULES = YES;
				CLANG_ENABLE_OBJC_ARC = YES;
				CLANG_ENABLE_OBJC_WEAK = YES;
				CLANG_WARN_BLOCK_CAPTURE_AUTORELEASING = YES;
				CLANG_WARN_BOOL_CONVERSION = YES;
				CLANG_WARN_COMMA = YES;
				CLANG_WARN_CONSTANT_CONVERSION = YES;
				CLANG_WARN_DEPRECATED_OBJC_IMPLEMENTATIONS = YES;
				CLANG_WARN_DIRECT_OBJC_ISA_USAGE = YES_ERROR;
				CLANG_WARN_DOCUMENTATION_COMMENTS = YES;
				CLANG_WARN_EMPTY_BODY = YES;
				CLANG_WARN_ENUM_CONVERSION = YES;
				CLANG_WARN_INFINITE_RECURSION = YES;
				CLANG_WARN_INT_CONVERSION = YES;
				CLANG_WARN_NON_LITERAL_NULL_CONVERSION = YES;
				CLANG_WARN_OBJC_IMPLICIT_RETAIN_SELF = YES;
				CLANG_WARN_OBJC_LITERAL_CONVERSION = YES;
				CLANG_WARN_OBJC_ROOT_CLASS = YES_ERROR;
				CLANG_WARN_QUOTED_INCLUDE_IN_FRAMEWORK_HEADER = YES;
				CLANG_WARN_RANGE_LOOP_ANALYSIS = YES;
				CLANG_WARN_STRICT_PROTOTYPES = YES;
				CLANG_WARN_SUSPICIOUS_MOVE = YES;
				CLANG_WARN_UNGUARDED_AVAILABILITY = YES_AGGRESSIVE;
				CLANG_WARN_UNREACHABLE_CODE = YES;
				CLANG_WARN__DUPLICATE_METHOD_MATCH = YES;
				COPY_PHASE_STRIP = NO;
				DEBUG_INFORMATION_FORMAT = dwarf;
				ENABLE_STRICT_OBJC_MSGSEND = YES;
				ENABLE_TESTABILITY = YES;
				ENABLE_USER_SCRIPT_SANDBOXING = YES;
				GCC_C_LANGUAGE_STANDARD = gnu17;
				GCC_DYNAMIC_NO_PIC = NO;
				GCC_NO_COMMON_BLOCKS = YES;
				GCC_OPTIMIZATION_LEVEL = 0;
				GCC_PREPROCESSOR_DEFINITIONS = (
					"DEBUG=1",
					"$(inherited)",
				);
				GCC_WARN_64_TO_32_BIT_CONVERSION = YES;
				GCC_WARN_ABOUT_RETURN_TYPE = YES_ERROR;
				GCC_WARN_UNDECLARED_SELECTOR = YES;
				GCC_WARN_UNINITIALIZED_AUTOS = YES_AGGRESSIVE;
				GCC_WARN_UNUSED_FUNCTION = YES;
				GCC_WARN_UNUSED_VARIABLE = YES;
				IPHONEOS_DEPLOYMENT_TARGET = 18.0;
				LOCALIZATION_PREFERS_STRING_CATALOGS = YES;
				MTL_ENABLE_DEBUG_INFO = INCLUDE_SOURCE;
				MTL_FAST_MATH = YES;
				ONLY_ACTIVE_ARCH = YES;
				SDKROOT = iphoneos;
				SWIFT_ACTIVE_COMPILATION_CONDITIONS = "DEBUG $(inherited)";
				SWIFT_OPTIMIZATION_LEVEL = "-Onone";
			};
			name = Debug;
		};
		A63F67CD2D04AE3100D3E9FB /* Release */ = {
			isa = XCBuildConfiguration;
			buildSettings = {
				ALWAYS_SEARCH_USER_PATHS = NO;
				ASSETCATALOG_COMPILER_GENERATE_SWIFT_ASSET_SYMBOL_EXTENSIONS = YES;
				CLANG_ANALYZER_NONNULL = YES;
				CLANG_ANALYZER_NUMBER_OBJECT_CONVERSION = YES_AGGRESSIVE;
				CLANG_CXX_LANGUAGE_STANDARD = "gnu++20";
				CLANG_ENABLE_MODULES = YES;
				CLANG_ENABLE_OBJC_ARC = YES;
				CLANG_ENABLE_OBJC_WEAK = YES;
				CLANG_WARN_BLOCK_CAPTURE_AUTORELEASING = YES;
				CLANG_WARN_BOOL_CONVERSION = YES;
				CLANG_WARN_COMMA = YES;
				CLANG_WARN_CONSTANT_CONVERSION = YES;
				CLANG_WARN_DEPRECATED_OBJC_IMPLEMENTATIONS = YES;
				CLANG_WARN_DIRECT_OBJC_ISA_USAGE = YES_ERROR;
				CLANG_WARN_DOCUMENTATION_COMMENTS = YES;
				CLANG_WARN_EMPTY_BODY = YES;
				CLANG_WARN_ENUM_CONVERSION = YES;
				CLANG_WARN_INFINITE_RECURSION = YES;
				CLANG_WARN_INT_CONVERSION = YES;
				CLANG_WARN_NON_LITERAL_NULL_CONVERSION = YES;
				CLANG_WARN_OBJC_IMPLICIT_RETAIN_SELF = YES;
				CLANG_WARN_OBJC_LITERAL_CONVERSION = YES;
				CLANG_WARN_OBJC_ROOT_CLASS = YES_ERROR;
				CLANG_WARN_QUOTED_INCLUDE_IN_FRAMEWORK_HEADER = YES;
				CLANG_WARN_RANGE_LOOP_ANALYSIS = YES;
				CLANG_WARN_STRICT_PROTOTYPES = YES;
				CLANG_WARN_SUSPICIOUS_MOVE = YES;
				CLANG_WARN_UNGUARDED_AVAILABILITY = YES_AGGRESSIVE;
				CLANG_WARN_UNREACHABLE_CODE = YES;
				CLANG_WARN__DUPLICATE_METHOD_MATCH = YES;
				COPY_PHASE_STRIP = NO;
				DEBUG_INFORMATION_FORMAT = "dwarf-with-dsym";
				ENABLE_NS_ASSERTIONS = NO;
				ENABLE_STRICT_OBJC_MSGSEND = YES;
				ENABLE_USER_SCRIPT_SANDBOXING = YES;
				GCC_C_LANGUAGE_STANDARD = gnu17;
				GCC_NO_COMMON_BLOCKS = YES;
				GCC_WARN_64_TO_32_BIT_CONVERSION = YES;
				GCC_WARN_ABOUT_RETURN_TYPE = YES_ERROR;
				GCC_WARN_UNDECLARED_SELECTOR = YES;
				GCC_WARN_UNINITIALIZED_AUTOS = YES_AGGRESSIVE;
				GCC_WARN_UNUSED_FUNCTION = YES;
				GCC_WARN_UNUSED_VARIABLE = YES;
				IPHONEOS_DEPLOYMENT_TARGET = 18.0;
				LOCALIZATION_PREFERS_STRING_CATALOGS = YES;
				MTL_ENABLE_DEBUG_INFO = NO;
				MTL_FAST_MATH = YES;
				SDKROOT = iphoneos;
				SWIFT_COMPILATION_MODE = wholemodule;
				VALIDATE_PRODUCT = YES;
			};
			name = Release;
		};
		A63F67CF2D04AE3100D3E9FB /* Debug */ = {
			isa = XCBuildConfiguration;
			buildSettings = {
				ASSETCATALOG_COMPILER_APPICON_NAME = AppIcon;
				ASSETCATALOG_COMPILER_GLOBAL_ACCENT_COLOR_NAME = AccentColor;
				CODE_SIGN_STYLE = Automatic;
				CURRENT_PROJECT_VERSION = 1;
				DEVELOPMENT_ASSET_PATHS = "\"FirestoreNetworkingErrorRepro/Preview Content\"";
				ENABLE_PREVIEWS = YES;
				GENERATE_INFOPLIST_FILE = YES;
				INFOPLIST_KEY_UIApplicationSceneManifest_Generation = YES;
				INFOPLIST_KEY_UIApplicationSupportsIndirectInputEvents = YES;
				INFOPLIST_KEY_UILaunchScreen_Generation = YES;
				INFOPLIST_KEY_UISupportedInterfaceOrientations_iPad = "UIInterfaceOrientationPortrait UIInterfaceOrientationPortraitUpsideDown UIInterfaceOrientationLandscapeLeft UIInterfaceOrientationLandscapeRight";
				INFOPLIST_KEY_UISupportedInterfaceOrientations_iPhone = "UIInterfaceOrientationPortrait UIInterfaceOrientationLandscapeLeft UIInterfaceOrientationLandscapeRight";
				LD_RUNPATH_SEARCH_PATHS = (
					"$(inherited)",
					"@executable_path/Frameworks",
				);
				MARKETING_VERSION = 1.0;
				PRODUCT_BUNDLE_IDENTIFIER = com.welling.FirestoreNetworkingErrorRepro;
				PRODUCT_NAME = "$(TARGET_NAME)";
				SWIFT_EMIT_LOC_STRINGS = YES;
				SWIFT_VERSION = 5.0;
				TARGETED_DEVICE_FAMILY = "1,2";
			};
			name = Debug;
		};
		A63F67D02D04AE3100D3E9FB /* Release */ = {
			isa = XCBuildConfiguration;
			buildSettings = {
				ASSETCATALOG_COMPILER_APPICON_NAME = AppIcon;
				ASSETCATALOG_COMPILER_GLOBAL_ACCENT_COLOR_NAME = AccentColor;
				CODE_SIGN_STYLE = Automatic;
				CURRENT_PROJECT_VERSION = 1;
				DEVELOPMENT_ASSET_PATHS = "\"FirestoreNetworkingErrorRepro/Preview Content\"";
				ENABLE_PREVIEWS = YES;
				GENERATE_INFOPLIST_FILE = YES;
				INFOPLIST_KEY_UIApplicationSceneManifest_Generation = YES;
				INFOPLIST_KEY_UIApplicationSupportsIndirectInputEvents = YES;
				INFOPLIST_KEY_UILaunchScreen_Generation = YES;
				INFOPLIST_KEY_UISupportedInterfaceOrientations_iPad = "UIInterfaceOrientationPortrait UIInterfaceOrientationPortraitUpsideDown UIInterfaceOrientationLandscapeLeft UIInterfaceOrientationLandscapeRight";
				INFOPLIST_KEY_UISupportedInterfaceOrientations_iPhone = "UIInterfaceOrientationPortrait UIInterfaceOrientationLandscapeLeft UIInterfaceOrientationLandscapeRight";
				LD_RUNPATH_SEARCH_PATHS = (
					"$(inherited)",
					"@executable_path/Frameworks",
				);
				MARKETING_VERSION = 1.0;
				PRODUCT_BUNDLE_IDENTIFIER = com.welling.FirestoreNetworkingErrorRepro;
				PRODUCT_NAME = "$(TARGET_NAME)";
				SWIFT_EMIT_LOC_STRINGS = YES;
				SWIFT_VERSION = 5.0;
				TARGETED_DEVICE_FAMILY = "1,2";
			};
			name = Release;
		};
		A63F67D22D04AE3100D3E9FB /* Debug */ = {
			isa = XCBuildConfiguration;
			buildSettings = {
				BUNDLE_LOADER = "$(TEST_HOST)";
				CODE_SIGN_STYLE = Automatic;
				CURRENT_PROJECT_VERSION = 1;
				GENERATE_INFOPLIST_FILE = YES;
				IPHONEOS_DEPLOYMENT_TARGET = 18.0;
				MARKETING_VERSION = 1.0;
				PRODUCT_BUNDLE_IDENTIFIER = com.welling.FirestoreNetworkingErrorReproTests;
				PRODUCT_NAME = "$(TARGET_NAME)";
				SWIFT_EMIT_LOC_STRINGS = NO;
				SWIFT_VERSION = 5.0;
				TARGETED_DEVICE_FAMILY = "1,2";
				TEST_HOST = "$(BUILT_PRODUCTS_DIR)/FirestoreNetworkingErrorRepro.app/$(BUNDLE_EXECUTABLE_FOLDER_PATH)/FirestoreNetworkingErrorRepro";
			};
			name = Debug;
		};
		A63F67D32D04AE3100D3E9FB /* Release */ = {
			isa = XCBuildConfiguration;
			buildSettings = {
				BUNDLE_LOADER = "$(TEST_HOST)";
				CODE_SIGN_STYLE = Automatic;
				CURRENT_PROJECT_VERSION = 1;
				GENERATE_INFOPLIST_FILE = YES;
				IPHONEOS_DEPLOYMENT_TARGET = 18.0;
				MARKETING_VERSION = 1.0;
				PRODUCT_BUNDLE_IDENTIFIER = com.welling.FirestoreNetworkingErrorReproTests;
				PRODUCT_NAME = "$(TARGET_NAME)";
				SWIFT_EMIT_LOC_STRINGS = NO;
				SWIFT_VERSION = 5.0;
				TARGETED_DEVICE_FAMILY = "1,2";
				TEST_HOST = "$(BUILT_PRODUCTS_DIR)/FirestoreNetworkingErrorRepro.app/$(BUNDLE_EXECUTABLE_FOLDER_PATH)/FirestoreNetworkingErrorRepro";
			};
			name = Release;
		};
		A63F67D52D04AE3100D3E9FB /* Debug */ = {
			isa = XCBuildConfiguration;
			buildSettings = {
				CODE_SIGN_STYLE = Automatic;
				CURRENT_PROJECT_VERSION = 1;
				GENERATE_INFOPLIST_FILE = YES;
				MARKETING_VERSION = 1.0;
				PRODUCT_BUNDLE_IDENTIFIER = com.welling.FirestoreNetworkingErrorReproUITests;
				PRODUCT_NAME = "$(TARGET_NAME)";
				SWIFT_EMIT_LOC_STRINGS = NO;
				SWIFT_VERSION = 5.0;
				TARGETED_DEVICE_FAMILY = "1,2";
				TEST_TARGET_NAME = FirestoreNetworkingErrorRepro;
			};
			name = Debug;
		};
		A63F67D62D04AE3100D3E9FB /* Release */ = {
			isa = XCBuildConfiguration;
			buildSettings = {
				CODE_SIGN_STYLE = Automatic;
				CURRENT_PROJECT_VERSION = 1;
				GENERATE_INFOPLIST_FILE = YES;
				MARKETING_VERSION = 1.0;
				PRODUCT_BUNDLE_IDENTIFIER = com.welling.FirestoreNetworkingErrorReproUITests;
				PRODUCT_NAME = "$(TARGET_NAME)";
				SWIFT_EMIT_LOC_STRINGS = NO;
				SWIFT_VERSION = 5.0;
				TARGETED_DEVICE_FAMILY = "1,2";
				TEST_TARGET_NAME = FirestoreNetworkingErrorRepro;
			};
			name = Release;
		};
/* End XCBuildConfiguration section */

/* Begin XCConfigurationList section */
		A63F67A52D04AE3000D3E9FB /* Build configuration list for PBXProject "FirestoreNetworkingErrorRepro" */ = {
			isa = XCConfigurationList;
			buildConfigurations = (
				A63F67CC2D04AE3100D3E9FB /* Debug */,
				A63F67CD2D04AE3100D3E9FB /* Release */,
			);
			defaultConfigurationIsVisible = 0;
			defaultConfigurationName = Release;
		};
		A63F67CE2D04AE3100D3E9FB /* Build configuration list for PBXNativeTarget "FirestoreNetworkingErrorRepro" */ = {
			isa = XCConfigurationList;
			buildConfigurations = (
				A63F67CF2D04AE3100D3E9FB /* Debug */,
				A63F67D02D04AE3100D3E9FB /* Release */,
			);
			defaultConfigurationIsVisible = 0;
			defaultConfigurationName = Release;
		};
		A63F67D12D04AE3100D3E9FB /* Build configuration list for PBXNativeTarget "FirestoreNetworkingErrorReproTests" */ = {
			isa = XCConfigurationList;
			buildConfigurations = (
				A63F67D22D04AE3100D3E9FB /* Debug */,
				A63F67D32D04AE3100D3E9FB /* Release */,
			);
			defaultConfigurationIsVisible = 0;
			defaultConfigurationName = Release;
		};
		A63F67D42D04AE3100D3E9FB /* Build configuration list for PBXNativeTarget "FirestoreNetworkingErrorReproUITests" */ = {
			isa = XCConfigurationList;
			buildConfigurations = (
				A63F67D52D04AE3100D3E9FB /* Debug */,
				A63F67D62D04AE3100D3E9FB /* Release */,
			);
			defaultConfigurationIsVisible = 0;
			defaultConfigurationName = Release;
		};
/* End XCConfigurationList section */

/* Begin XCRemoteSwiftPackageReference section */
		A63F67D72D04AE8600D3E9FB /* XCRemoteSwiftPackageReference "firebase-ios-sdk" */ = {
			isa = XCRemoteSwiftPackageReference;
			repositoryURL = "https://github.com/firebase/firebase-ios-sdk";
			requirement = {
				kind = upToNextMajorVersion;
				minimumVersion = 11.6.0;
			};
		};
/* End XCRemoteSwiftPackageReference section */

/* Begin XCSwiftPackageProductDependency section */
		A63F67D82D04AE8600D3E9FB /* FirebaseAnalytics */ = {
			isa = XCSwiftPackageProductDependency;
			package = A63F67D72D04AE8600D3E9FB /* XCRemoteSwiftPackageReference "firebase-ios-sdk" */;
			productName = FirebaseAnalytics;
		};
		A63F67DA2D04AE8600D3E9FB /* FirebaseAppCheck */ = {
			isa = XCSwiftPackageProductDependency;
			package = A63F67D72D04AE8600D3E9FB /* XCRemoteSwiftPackageReference "firebase-ios-sdk" */;
			productName = FirebaseAppCheck;
		};
		A63F67DC2D04AE8600D3E9FB /* FirebaseAuth */ = {
			isa = XCSwiftPackageProductDependency;
			package = A63F67D72D04AE8600D3E9FB /* XCRemoteSwiftPackageReference "firebase-ios-sdk" */;
			productName = FirebaseAuth;
		};
		A63F67DE2D04AE8600D3E9FB /* FirebaseCore */ = {
			isa = XCSwiftPackageProductDependency;
			package = A63F67D72D04AE8600D3E9FB /* XCRemoteSwiftPackageReference "firebase-ios-sdk" */;
			productName = FirebaseCore;
		};
		A63F67E02D04AE8600D3E9FB /* FirebaseCrashlytics */ = {
			isa = XCSwiftPackageProductDependency;
			package = A63F67D72D04AE8600D3E9FB /* XCRemoteSwiftPackageReference "firebase-ios-sdk" */;
			productName = FirebaseCrashlytics;
		};
		A63F67E22D04AE8600D3E9FB /* FirebaseFirestore */ = {
			isa = XCSwiftPackageProductDependency;
			package = A63F67D72D04AE8600D3E9FB /* XCRemoteSwiftPackageReference "firebase-ios-sdk" */;
			productName = FirebaseFirestore;
		};
		A63F67E42D04AE8600D3E9FB /* FirebaseMessaging */ = {
			isa = XCSwiftPackageProductDependency;
			package = A63F67D72D04AE8600D3E9FB /* XCRemoteSwiftPackageReference "firebase-ios-sdk" */;
			productName = FirebaseMessaging;
		};
		A63F67E62D04AE8600D3E9FB /* FirebaseRemoteConfig */ = {
			isa = XCSwiftPackageProductDependency;
			package = A63F67D72D04AE8600D3E9FB /* XCRemoteSwiftPackageReference "firebase-ios-sdk" */;
			productName = FirebaseRemoteConfig;
		};
		A63F67E82D04AE8600D3E9FB /* FirebaseStorage */ = {
			isa = XCSwiftPackageProductDependency;
			package = A63F67D72D04AE8600D3E9FB /* XCRemoteSwiftPackageReference "firebase-ios-sdk" */;
			productName = FirebaseStorage;
		};
/* End XCSwiftPackageProductDependency section */
	};
	rootObject = A63F67A22D04AE3000D3E9FB /* Project object */;
}
